{
  "originHash" : "02ebe741cf281515d4e602e9f4b1a526903871b7e983ee3a7a35f03d36dcffda",
  "pins" : [
    {
      "identity" : "axswift",
      "kind" : "remoteSourceControl",
      "location" : "https://github.com/tmandry/AXSwift",
      "state" : {
        "revision" : "81dcc36aced905d6464cc25e35f8d13184bbf21c",
        "version" : "0.3.2"
      }
    },
    {
      "identity" : "compactslider",
      "kind" : "remoteSourceControl",
      "location" : "https://github.com/buh/CompactSlider",
      "state" : {
        "revision" : "e5219ff353613b6493bfe5a3333c3bfa2d1e4d57",
        "version" : "1.2.1"
      }
    },
    {
      "identity" : "dragon-kit",
      "kind" : "remoteSourceControl",
      "location" : "https://github.com/teddychan/dragon-kit",
      "state" : {
        "revision" : "666b065b56c54ca6ac402bafa8d6267fed7424ee",
        "version" : "4.1.1"
      }
    },
    {
      "identity" : "ifrit",
      "kind" : "remoteSourceControl",
      "location" : "https://github.com/ukushu/Ifrit",
      "state" : {
        "revision" : "3f961f6d39cd2188305671f2ec65914d297571d0",
        "version" : "2.0.6"
      }
    },
    {
      "identity" : "semaphore",
      "kind" : "remoteSourceControl",
      "location" : "https://github.com/groue/Semaphore",
      "state" : {
        "revision" : "2543679282aa6f6c8ecf2138acd613ed20790bc2",
        "version" : "0.1.0"
      }
    },
    {
      "identity" : "sparkle",
      "kind" : "remoteSourceControl",
      "location" : "https://github.com/sparkle-project/Sparkle",
      "state" : {
        "revision" : "b6496a74a087257ef5e6da1c5b29a447a60f5bd7",
        "version" : "2.9.4"
      }
    }
  ],
  "version" : 3
}
